
Microsoft Visual Studio Solution File, Format Version 12.00
# Visual Studio 15
VisualStudioVersion = 15.0.28307.1209
MinimumVisualStudioVersion = 10.0.40219.1
Project("{FAE04EC0-301F-11D3-BF4B-00C04F79EFBC}") = "HotelBackOffice", "HotelBackOffice\HotelBackOffice.csproj", "{A20CDA00-6FB0-49B2-82EE-D422929F5419}"
EndProject
Project("{E24C65DC-7377-472B-9ABA-BC803B73C61A}") = "HotelFrontOffice", "HotelFrontOffice\", "{F55C3E64-3C62-4C62-88EB-C00E8657FE08}"
	ProjectSection(WebsiteProperties) = preProject
		TargetFrameworkMoniker = ".NETFramework,Version%3Dv4.6.1"
		Debug.AspNetCompiler.VirtualPath = "/localhost_60404"
		Debug.AspNetCompiler.PhysicalPath = "HotelFrontOffice\"
		Debug.AspNetCompiler.TargetPath = "PrecompiledWeb\localhost_60404\"
		Debug.AspNetCompiler.Updateable = "true"
		Debug.AspNetCompiler.ForceOverwrite = "true"
		Debug.AspNetCompiler.FixedNames = "false"
		Debug.AspNetCompiler.Debug = "True"
		Release.AspNetCompiler.VirtualPath = "/localhost_60404"
		Release.AspNetCompiler.PhysicalPath = "HotelFrontOffice\"
		Release.AspNetCompiler.TargetPath = "PrecompiledWeb\localhost_60404\"
		Release.AspNetCompiler.Updateable = "true"
		Release.AspNetCompiler.ForceOverwrite = "true"
		Release.AspNetCompiler.FixedNames = "false"
		Release.AspNetCompiler.Debug = "False"
		VWDPort = "60404"
		DefaultWebSiteLanguage = "Visual C#"
	EndProjectSection
EndProject
Project("{FAE04EC0-301F-11D3-BF4B-00C04F79EFBC}") = "HotelClasses", "HotelClasses\HotelClasses.csproj", "{91E90B67-7917-42B2-BEE3-4B734244380C}"
EndProject
Project("{FAE04EC0-301F-11D3-BF4B-00C04F79EFBC}") = "Hotel Testing", "Hotel Testing\Hotel Testing.csproj", "{35A135B9-383A-4F08-8D5C-D24475DB22AD}"
EndProject
Global
	GlobalSection(SolutionConfigurationPlatforms) = preSolution
		Debug|Any CPU = Debug|Any CPU
		Release|Any CPU = Release|Any CPU
	EndGlobalSection
	GlobalSection(ProjectConfigurationPlatforms) = postSolution
		{A20CDA00-6FB0-49B2-82EE-D422929F5419}.Debug|Any CPU.ActiveCfg = Debug|Any CPU
		{A20CDA00-6FB0-49B2-82EE-D422929F5419}.Debug|Any CPU.Build.0 = Debug|Any CPU
		{A20CDA00-6FB0-49B2-82EE-D422929F5419}.Release|Any CPU.ActiveCfg = Release|Any CPU
		{A20CDA00-6FB0-49B2-82EE-D422929F5419}.Release|Any CPU.Build.0 = Release|Any CPU
		{F55C3E64-3C62-4C62-88EB-C00E8657FE08}.Debug|Any CPU.ActiveCfg = Debug|Any CPU
		{F55C3E64-3C62-4C62-88EB-C00E8657FE08}.Debug|Any CPU.Build.0 = Debug|Any CPU
		{F55C3E64-3C62-4C62-88EB-C00E8657FE08}.Release|Any CPU.ActiveCfg = Debug|Any CPU
		{F55C3E64-3C62-4C62-88EB-C00E8657FE08}.Release|Any CPU.Build.0 = Debug|Any CPU
		{91E90B67-7917-42B2-BEE3-4B734244380C}.Debug|Any CPU.ActiveCfg = Debug|Any CPU
		{91E90B67-7917-42B2-BEE3-4B734244380C}.Debug|Any CPU.Build.0 = Debug|Any CPU
		{91E90B67-7917-42B2-BEE3-4B734244380C}.Release|Any CPU.ActiveCfg = Release|Any CPU
		{91E90B67-7917-42B2-BEE3-4B734244380C}.Release|Any CPU.Build.0 = Release|Any CPU
		{35A135B9-383A-4F08-8D5C-D24475DB22AD}.Debug|Any CPU.ActiveCfg = Debug|Any CPU
		{35A135B9-383A-4F08-8D5C-D24475DB22AD}.Debug|Any CPU.Build.0 = Debug|Any CPU
		{35A135B9-383A-4F08-8D5C-D24475DB22AD}.Release|Any CPU.ActiveCfg = Release|Any CPU
		{35A135B9-383A-4F08-8D5C-D24475DB22AD}.Release|Any CPU.Build.0 = Release|Any CPU
	EndGlobalSection
	GlobalSection(SolutionProperties) = preSolution
		HideSolutionNode = FALSE
	EndGlobalSection
	GlobalSection(ExtensibilityGlobals) = postSolution
		SolutionGuid = {D5CB949D-E018-41F3-B303-A0B3A754A06F}
	EndGlobalSection
EndGlobal
